
Microsoft Visual Studio Solution File, Format Version 12.00
# Visual Studio 15
VisualStudioVersion = 15.0.27130.0
MinimumVisualStudioVersion = 10.0.40219.1
Project("{FAE04EC0-301F-11D3-BF4B-00C04F79EFBC}") = "CertTester", "CertTester\CertTester.csproj", "{9FEFC9E2-7CA8-4378-BE44-0B7D4F48A234}"
EndProject
Global
	GlobalSection(SolutionConfigurationPlatforms) = preSolution
		Debug|Any CPU = Debug|Any CPU
		Release|Any CPU = Release|Any CPU
	EndGlobalSection
	GlobalSection(ProjectConfigurationPlatforms) = postSolution
		{9FEFC9E2-7CA8-4378-BE44-0B7D4F48A234}.Debug|Any CPU.ActiveCfg = Debug|Any CPU
		{9FEFC9E2-7CA8-4378-BE44-0B7D4F48A234}.Debug|Any CPU.Build.0 = Debug|Any CPU
		{9FEFC9E2-7CA8-4378-BE44-0B7D4F48A234}.Release|Any CPU.ActiveCfg = Release|Any CPU
		{9FEFC9E2-7CA8-4378-BE44-0B7D4F48A234}.Release|Any CPU.Build.0 = Release|Any CPU
	EndGlobalSection
	GlobalSection(SolutionProperties) = preSolution
		HideSolutionNode = FALSE
	EndGlobalSection
	GlobalSection(ExtensibilityGlobals) = postSolution
		SolutionGuid = {4DCD3FE1-CA01-4E19-8A7D-8BD1F522B220}
	EndGlobalSection
EndGlobal
